
Microsoft Visual Studio Solution File, Format Version 12.00
# Visual Studio Version 17
VisualStudioVersion = 17.3.32819.101
MinimumVisualStudioVersion = 10.0.40219.1
Project("{2150E333-8FDC-42A3-9474-1A3956D46DE8}") = "src", "src", "{98C36ABA-39D2-4AA7-B743-5C3B5B674EF3}"
EndProject
Project("{9A19103F-16F7-4668-BE54-9A1E7A4F7556}") = "Core.Application", "corePackages\Core.Application\Core.Application.csproj", "{6B5ABE8F-C4EE-4211-8275-D67B7EFFDBA5}"
EndProject
Project("{2150E333-8FDC-42A3-9474-1A3956D46DE8}") = "corePackages", "corePackages", "{AFC5FFD0-E836-41F6-8AAF-FF7CC8486E16}"
EndProject
Project("{9A19103F-16F7-4668-BE54-9A1E7A4F7556}") = "Core.CrossCuttingConcerns", "corePackages\Core.CrossCuttingConcers\Core.CrossCuttingConcerns.csproj", "{A79BF4BD-ACB2-4B6D-8D0F-1A658DF61464}"
EndProject
Project("{9A19103F-16F7-4668-BE54-9A1E7A4F7556}") = "Core.ElasticSearch", "corePackages\Core.ElasticSearch\Core.ElasticSearch.csproj", "{0AE15D7B-71E0-45C8-8754-3F8F00D189AF}"
EndProject
Project("{9A19103F-16F7-4668-BE54-9A1E7A4F7556}") = "Core.Mailing", "corePackages\Core.Mailing\Core.Mailing.csproj", "{08E4F366-B9D0-42C8-9AC3-88668AC086E0}"
EndProject
Project("{9A19103F-16F7-4668-BE54-9A1E7A4F7556}") = "Core.Persistence", "corePackages\Core.Persistence\Core.Persistence.csproj", "{0034AF2C-5D64-4792-A700-2A2164CCFF69}"
EndProject
Project("{9A19103F-16F7-4668-BE54-9A1E7A4F7556}") = "Core.Security", "corePackages\Core.Security\Core.Security.csproj", "{436C1269-ED95-4334-B968-E4568E3BA5FF}"
EndProject
Project("{2150E333-8FDC-42A3-9474-1A3956D46DE8}") = "kodlamaioDevs", "kodlamaioDevs", "{E52D3BEB-3544-4399-9FB0-6E0E0F3DEBD3}"
EndProject
Project("{FAE04EC0-301F-11D3-BF4B-00C04F79EFBC}") = "Applications", "Applications\Applications.csproj", "{9DDEF335-05F3-4323-9F22-939EEFFBA104}"
EndProject
Project("{FAE04EC0-301F-11D3-BF4B-00C04F79EFBC}") = "Domain", "Domain\Domain.csproj", "{5F591AAF-857A-46A7-952B-225A0503B6FC}"
EndProject
Project("{FAE04EC0-301F-11D3-BF4B-00C04F79EFBC}") = "Infrastructure", "Infrastructure\Infrastructure.csproj", "{2F7595CD-20DB-4752-9306-F5644226AC34}"
EndProject
Project("{FAE04EC0-301F-11D3-BF4B-00C04F79EFBC}") = "Persistence", "Persistence\Persistence.csproj", "{5DC991C4-9E41-41E4-9B08-FCF84CCADE5F}"
EndProject
Project("{FAE04EC0-301F-11D3-BF4B-00C04F79EFBC}") = "WebAPİ", "WebAPİ\WebAPİ.csproj", "{7D55D730-B2FE-42CF-B6C2-B1A1EBF8EEB0}"
EndProject
Global
	GlobalSection(SolutionConfigurationPlatforms) = preSolution
		Debug|Any CPU = Debug|Any CPU
		Release|Any CPU = Release|Any CPU
	EndGlobalSection
	GlobalSection(ProjectConfigurationPlatforms) = postSolution
		{6B5ABE8F-C4EE-4211-8275-D67B7EFFDBA5}.Debug|Any CPU.ActiveCfg = Debug|Any CPU
		{6B5ABE8F-C4EE-4211-8275-D67B7EFFDBA5}.Debug|Any CPU.Build.0 = Debug|Any CPU
		{6B5ABE8F-C4EE-4211-8275-D67B7EFFDBA5}.Release|Any CPU.ActiveCfg = Release|Any CPU
		{6B5ABE8F-C4EE-4211-8275-D67B7EFFDBA5}.Release|Any CPU.Build.0 = Release|Any CPU
		{A79BF4BD-ACB2-4B6D-8D0F-1A658DF61464}.Debug|Any CPU.ActiveCfg = Debug|Any CPU
		{A79BF4BD-ACB2-4B6D-8D0F-1A658DF61464}.Debug|Any CPU.Build.0 = Debug|Any CPU
		{A79BF4BD-ACB2-4B6D-8D0F-1A658DF61464}.Release|Any CPU.ActiveCfg = Release|Any CPU
		{A79BF4BD-ACB2-4B6D-8D0F-1A658DF61464}.Release|Any CPU.Build.0 = Release|Any CPU
		{0AE15D7B-71E0-45C8-8754-3F8F00D189AF}.Debug|Any CPU.ActiveCfg = Debug|Any CPU
		{0AE15D7B-71E0-45C8-8754-3F8F00D189AF}.Debug|Any CPU.Build.0 = Debug|Any CPU
		{0AE15D7B-71E0-45C8-8754-3F8F00D189AF}.Release|Any CPU.ActiveCfg = Release|Any CPU
		{0AE15D7B-71E0-45C8-8754-3F8F00D189AF}.Release|Any CPU.Build.0 = Release|Any CPU
		{08E4F366-B9D0-42C8-9AC3-88668AC086E0}.Debug|Any CPU.ActiveCfg = Debug|Any CPU
		{08E4F366-B9D0-42C8-9AC3-88668AC086E0}.Debug|Any CPU.Build.0 = Debug|Any CPU
		{08E4F366-B9D0-42C8-9AC3-88668AC086E0}.Release|Any CPU.ActiveCfg = Release|Any CPU
		{08E4F366-B9D0-42C8-9AC3-88668AC086E0}.Release|Any CPU.Build.0 = Release|Any CPU
		{0034AF2C-5D64-4792-A700-2A2164CCFF69}.Debug|Any CPU.ActiveCfg = Debug|Any CPU
		{0034AF2C-5D64-4792-A700-2A2164CCFF69}.Debug|Any CPU.Build.0 = Debug|Any CPU
		{0034AF2C-5D64-4792-A700-2A2164CCFF69}.Release|Any CPU.ActiveCfg = Release|Any CPU
		{0034AF2C-5D64-4792-A700-2A2164CCFF69}.Release|Any CPU.Build.0 = Release|Any CPU
		{436C1269-ED95-4334-B968-E4568E3BA5FF}.Debug|Any CPU.ActiveCfg = Debug|Any CPU
		{436C1269-ED95-4334-B968-E4568E3BA5FF}.Debug|Any CPU.Build.0 = Debug|Any CPU
		{436C1269-ED95-4334-B968-E4568E3BA5FF}.Release|Any CPU.ActiveCfg = Release|Any CPU
		{436C1269-ED95-4334-B968-E4568E3BA5FF}.Release|Any CPU.Build.0 = Release|Any CPU
		{9DDEF335-05F3-4323-9F22-939EEFFBA104}.Debug|Any CPU.ActiveCfg = Debug|Any CPU
		{9DDEF335-05F3-4323-9F22-939EEFFBA104}.Debug|Any CPU.Build.0 = Debug|Any CPU
		{9DDEF335-05F3-4323-9F22-939EEFFBA104}.Release|Any CPU.ActiveCfg = Release|Any CPU
		{9DDEF335-05F3-4323-9F22-939EEFFBA104}.Release|Any CPU.Build.0 = Release|Any CPU
		{5F591AAF-857A-46A7-952B-225A0503B6FC}.Debug|Any CPU.ActiveCfg = Debug|Any CPU
		{5F591AAF-857A-46A7-952B-225A0503B6FC}.Debug|Any CPU.Build.0 = Debug|Any CPU
		{5F591AAF-857A-46A7-952B-225A0503B6FC}.Release|Any CPU.ActiveCfg = Release|Any CPU
		{5F591AAF-857A-46A7-952B-225A0503B6FC}.Release|Any CPU.Build.0 = Release|Any CPU
		{2F7595CD-20DB-4752-9306-F5644226AC34}.Debug|Any CPU.ActiveCfg = Debug|Any CPU
		{2F7595CD-20DB-4752-9306-F5644226AC34}.Debug|Any CPU.Build.0 = Debug|Any CPU
		{2F7595CD-20DB-4752-9306-F5644226AC34}.Release|Any CPU.ActiveCfg = Release|Any CPU
		{2F7595CD-20DB-4752-9306-F5644226AC34}.Release|Any CPU.Build.0 = Release|Any CPU
		{5DC991C4-9E41-41E4-9B08-FCF84CCADE5F}.Debug|Any CPU.ActiveCfg = Debug|Any CPU
		{5DC991C4-9E41-41E4-9B08-FCF84CCADE5F}.Debug|Any CPU.Build.0 = Debug|Any CPU
		{5DC991C4-9E41-41E4-9B08-FCF84CCADE5F}.Release|Any CPU.ActiveCfg = Release|Any CPU
		{5DC991C4-9E41-41E4-9B08-FCF84CCADE5F}.Release|Any CPU.Build.0 = Release|Any CPU
		{7D55D730-B2FE-42CF-B6C2-B1A1EBF8EEB0}.Debug|Any CPU.ActiveCfg = Debug|Any CPU
		{7D55D730-B2FE-42CF-B6C2-B1A1EBF8EEB0}.Debug|Any CPU.Build.0 = Debug|Any CPU
		{7D55D730-B2FE-42CF-B6C2-B1A1EBF8EEB0}.Release|Any CPU.ActiveCfg = Release|Any CPU
		{7D55D730-B2FE-42CF-B6C2-B1A1EBF8EEB0}.Release|Any CPU.Build.0 = Release|Any CPU
	EndGlobalSection
	GlobalSection(SolutionProperties) = preSolution
		HideSolutionNode = FALSE
	EndGlobalSection
	GlobalSection(NestedProjects) = preSolution
		{6B5ABE8F-C4EE-4211-8275-D67B7EFFDBA5} = {AFC5FFD0-E836-41F6-8AAF-FF7CC8486E16}
		{AFC5FFD0-E836-41F6-8AAF-FF7CC8486E16} = {98C36ABA-39D2-4AA7-B743-5C3B5B674EF3}
		{A79BF4BD-ACB2-4B6D-8D0F-1A658DF61464} = {AFC5FFD0-E836-41F6-8AAF-FF7CC8486E16}
		{0AE15D7B-71E0-45C8-8754-3F8F00D189AF} = {AFC5FFD0-E836-41F6-8AAF-FF7CC8486E16}
		{08E4F366-B9D0-42C8-9AC3-88668AC086E0} = {AFC5FFD0-E836-41F6-8AAF-FF7CC8486E16}
		{0034AF2C-5D64-4792-A700-2A2164CCFF69} = {AFC5FFD0-E836-41F6-8AAF-FF7CC8486E16}
		{436C1269-ED95-4334-B968-E4568E3BA5FF} = {AFC5FFD0-E836-41F6-8AAF-FF7CC8486E16}
		{E52D3BEB-3544-4399-9FB0-6E0E0F3DEBD3} = {98C36ABA-39D2-4AA7-B743-5C3B5B674EF3}
		{9DDEF335-05F3-4323-9F22-939EEFFBA104} = {E52D3BEB-3544-4399-9FB0-6E0E0F3DEBD3}
		{5F591AAF-857A-46A7-952B-225A0503B6FC} = {E52D3BEB-3544-4399-9FB0-6E0E0F3DEBD3}
		{2F7595CD-20DB-4752-9306-F5644226AC34} = {E52D3BEB-3544-4399-9FB0-6E0E0F3DEBD3}
		{5DC991C4-9E41-41E4-9B08-FCF84CCADE5F} = {E52D3BEB-3544-4399-9FB0-6E0E0F3DEBD3}
		{7D55D730-B2FE-42CF-B6C2-B1A1EBF8EEB0} = {E52D3BEB-3544-4399-9FB0-6E0E0F3DEBD3}
	EndGlobalSection
	GlobalSection(ExtensibilityGlobals) = postSolution
		SolutionGuid = {5FCCDB0C-AEB3-4D12-925D-CBCA1E0D0E1D}
	EndGlobalSection
EndGlobal
